{
  "originHash" : "4e3fa828568aaf79e48bd398fe3dc16951a340707698e4c2fc7f3ecca0562b4d",
  "pins" : [
    {
      "identity" : "stellar-ios-mac-sdk",
      "kind" : "remoteSourceControl",
      "location" : "https://github.com/Soneso/stellar-ios-mac-sdk",
      "state" : {
        "revision" : "1a9593a0089b477b46906ab10a45c290ef838825",
        "version" : "3.4.0"
      }
    }
  ],
  "version" : 3
}
